
Microsoft Visual Studio Solution File, Format Version 12.00
# Visual Studio Express 2013 for Windows Desktop
VisualStudioVersion = 12.0.40629.0
MinimumVisualStudioVersion = 10.0.40219.1
Project("{FAE04EC0-301F-11D3-BF4B-00C04F79EFBC}") = "R-chestration", "R-chestration\R-chestration.csproj", "{7F9C0587-EB7D-4902-8EB7-EC270ADCF881}"
EndProject
Project("{FAE04EC0-301F-11D3-BF4B-00C04F79EFBC}") = "UnitTests", "UnitTests\UnitTests.csproj", "{A9679847-9938-4427-83E5-5ADB69684C34}"
EndProject
Project("{FAE04EC0-301F-11D3-BF4B-00C04F79EFBC}") = "Conduct-R", "Conduct-R\Conduct-R.csproj", "{D0FF6148-4C0C-46CF-9E5A-B2467112F1F8}"
EndProject
Global
	GlobalSection(SolutionConfigurationPlatforms) = preSolution
		Debug|Any CPU = Debug|Any CPU
		Release|Any CPU = Release|Any CPU
	EndGlobalSection
	GlobalSection(ProjectConfigurationPlatforms) = postSolution
		{7F9C0587-EB7D-4902-8EB7-EC270ADCF881}.Debug|Any CPU.ActiveCfg = Debug|Any CPU
		{7F9C0587-EB7D-4902-8EB7-EC270ADCF881}.Debug|Any CPU.Build.0 = Debug|Any CPU
		{7F9C0587-EB7D-4902-8EB7-EC270ADCF881}.Release|Any CPU.ActiveCfg = Release|Any CPU
		{7F9C0587-EB7D-4902-8EB7-EC270ADCF881}.Release|Any CPU.Build.0 = Release|Any CPU
		{A9679847-9938-4427-83E5-5ADB69684C34}.Debug|Any CPU.ActiveCfg = Debug|Any CPU
		{A9679847-9938-4427-83E5-5ADB69684C34}.Debug|Any CPU.Build.0 = Debug|Any CPU
		{A9679847-9938-4427-83E5-5ADB69684C34}.Release|Any CPU.ActiveCfg = Release|Any CPU
		{A9679847-9938-4427-83E5-5ADB69684C34}.Release|Any CPU.Build.0 = Release|Any CPU
		{D0FF6148-4C0C-46CF-9E5A-B2467112F1F8}.Debug|Any CPU.ActiveCfg = Debug|Any CPU
		{D0FF6148-4C0C-46CF-9E5A-B2467112F1F8}.Debug|Any CPU.Build.0 = Debug|Any CPU
		{D0FF6148-4C0C-46CF-9E5A-B2467112F1F8}.Release|Any CPU.ActiveCfg = Release|Any CPU
		{D0FF6148-4C0C-46CF-9E5A-B2467112F1F8}.Release|Any CPU.Build.0 = Release|Any CPU
	EndGlobalSection
	GlobalSection(SolutionProperties) = preSolution
		HideSolutionNode = FALSE
	EndGlobalSection
EndGlobal
